
Microsoft Visual Studio Solution File, Format Version 12.00
# Visual Studio Version 16
VisualStudioVersion = 16.0.32228.343
MinimumVisualStudioVersion = 10.0.40219.1
Project("{2150E333-8FDC-42A3-9474-1A3956D46DE8}") = "Engine", "Engine", "{C4258660-6F34-48EC-821E-7CA47B64EABB}"
EndProject
Project("{2150E333-8FDC-42A3-9474-1A3956D46DE8}") = "Framework", "Framework", "{1D29E837-D054-4011-AFEF-25A985D8F714}"
EndProject
Project("{2150E333-8FDC-42A3-9474-1A3956D46DE8}") = "VGP242", "VGP242", "{9B31DD2E-6068-4903-BA2D-3C077161C388}"
EndProject
Project("{8BC9CEB8-8B4A-11D0-8D11-00A0C91BC942}") = "VGP242", "VGP242\VGP242.vcxproj", "{CF8B9CC4-75AD-43EC-92E2-A4DEC5E96D24}"
EndProject
Project("{8BC9CEB8-8B4A-11D0-8D11-00A0C91BC942}") = "MathTest", "UnitTests\MathTest\MathTest.vcxproj", "{712C6490-C889-4047-9146-DDBB6DE364C9}"
EndProject
Project("{2150E333-8FDC-42A3-9474-1A3956D46DE8}") = "UnitTests", "UnitTests", "{1294CB36-C78A-43AD-9901-D6798E2EE6F2}"
EndProject
Project("{8BC9CEB8-8B4A-11D0-8D11-00A0C91BC942}") = "Core", "Framework\Core\Core.vcxproj", "{D0802EA7-B90D-4F1A-AC19-337D9CCB6198}"
EndProject
Project("{8BC9CEB8-8B4A-11D0-8D11-00A0C91BC942}") = "Math", "Framework\Math\Math.vcxproj", "{9E4AF5D8-8D5A-4609-88F5-AF45E7A17527}"
EndProject
Global
	GlobalSection(SolutionConfigurationPlatforms) = preSolution
		Debug|x64 = Debug|x64
		Debug|x86 = Debug|x86
		Release|x64 = Release|x64
		Release|x86 = Release|x86
	EndGlobalSection
	GlobalSection(ProjectConfigurationPlatforms) = postSolution
		{CF8B9CC4-75AD-43EC-92E2-A4DEC5E96D24}.Debug|x64.ActiveCfg = Debug|x64
		{CF8B9CC4-75AD-43EC-92E2-A4DEC5E96D24}.Debug|x64.Build.0 = Debug|x64
		{CF8B9CC4-75AD-43EC-92E2-A4DEC5E96D24}.Debug|x86.ActiveCfg = Debug|Win32
		{CF8B9CC4-75AD-43EC-92E2-A4DEC5E96D24}.Debug|x86.Build.0 = Debug|Win32
		{CF8B9CC4-75AD-43EC-92E2-A4DEC5E96D24}.Release|x64.ActiveCfg = Release|x64
		{CF8B9CC4-75AD-43EC-92E2-A4DEC5E96D24}.Release|x64.Build.0 = Release|x64
		{CF8B9CC4-75AD-43EC-92E2-A4DEC5E96D24}.Release|x86.ActiveCfg = Release|Win32
		{CF8B9CC4-75AD-43EC-92E2-A4DEC5E96D24}.Release|x86.Build.0 = Release|Win32
		{712C6490-C889-4047-9146-DDBB6DE364C9}.Debug|x64.ActiveCfg = Debug|x64
		{712C6490-C889-4047-9146-DDBB6DE364C9}.Debug|x64.Build.0 = Debug|x64
		{712C6490-C889-4047-9146-DDBB6DE364C9}.Debug|x86.ActiveCfg = Debug|Win32
		{712C6490-C889-4047-9146-DDBB6DE364C9}.Debug|x86.Build.0 = Debug|Win32
		{712C6490-C889-4047-9146-DDBB6DE364C9}.Release|x64.ActiveCfg = Release|x64
		{712C6490-C889-4047-9146-DDBB6DE364C9}.Release|x64.Build.0 = Release|x64
		{712C6490-C889-4047-9146-DDBB6DE364C9}.Release|x86.ActiveCfg = Release|Win32
		{712C6490-C889-4047-9146-DDBB6DE364C9}.Release|x86.Build.0 = Release|Win32
		{D0802EA7-B90D-4F1A-AC19-337D9CCB6198}.Debug|x64.ActiveCfg = Debug|x64
		{D0802EA7-B90D-4F1A-AC19-337D9CCB6198}.Debug|x64.Build.0 = Debug|x64
		{D0802EA7-B90D-4F1A-AC19-337D9CCB6198}.Debug|x86.ActiveCfg = Debug|Win32
		{D0802EA7-B90D-4F1A-AC19-337D9CCB6198}.Debug|x86.Build.0 = Debug|Win32
		{D0802EA7-B90D-4F1A-AC19-337D9CCB6198}.Release|x64.ActiveCfg = Release|x64
		{D0802EA7-B90D-4F1A-AC19-337D9CCB6198}.Release|x64.Build.0 = Release|x64
		{D0802EA7-B90D-4F1A-AC19-337D9CCB6198}.Release|x86.ActiveCfg = Release|Win32
		{D0802EA7-B90D-4F1A-AC19-337D9CCB6198}.Release|x86.Build.0 = Release|Win32
		{9E4AF5D8-8D5A-4609-88F5-AF45E7A17527}.Debug|x64.ActiveCfg = Debug|x64
		{9E4AF5D8-8D5A-4609-88F5-AF45E7A17527}.Debug|x64.Build.0 = Debug|x64
		{9E4AF5D8-8D5A-4609-88F5-AF45E7A17527}.Debug|x86.ActiveCfg = Debug|Win32
		{9E4AF5D8-8D5A-4609-88F5-AF45E7A17527}.Debug|x86.Build.0 = Debug|Win32
		{9E4AF5D8-8D5A-4609-88F5-AF45E7A17527}.Release|x64.ActiveCfg = Release|x64
		{9E4AF5D8-8D5A-4609-88F5-AF45E7A17527}.Release|x64.Build.0 = Release|x64
		{9E4AF5D8-8D5A-4609-88F5-AF45E7A17527}.Release|x86.ActiveCfg = Release|Win32
		{9E4AF5D8-8D5A-4609-88F5-AF45E7A17527}.Release|x86.Build.0 = Release|Win32
	EndGlobalSection
	GlobalSection(SolutionProperties) = preSolution
		HideSolutionNode = FALSE
	EndGlobalSection
	GlobalSection(NestedProjects) = preSolution
		{CF8B9CC4-75AD-43EC-92E2-A4DEC5E96D24} = {9B31DD2E-6068-4903-BA2D-3C077161C388}
		{712C6490-C889-4047-9146-DDBB6DE364C9} = {1294CB36-C78A-43AD-9901-D6798E2EE6F2}
		{D0802EA7-B90D-4F1A-AC19-337D9CCB6198} = {1D29E837-D054-4011-AFEF-25A985D8F714}
		{9E4AF5D8-8D5A-4609-88F5-AF45E7A17527} = {1D29E837-D054-4011-AFEF-25A985D8F714}
	EndGlobalSection
	GlobalSection(ExtensibilityGlobals) = postSolution
		SolutionGuid = {A44F0451-6418-433E-B075-97E58D9F98A9}
	EndGlobalSection
EndGlobal
